
Microsoft Visual Studio Solution File, Format Version 12.00
# Visual Studio Version 16
VisualStudioVersion = 16.0.30907.101
MinimumVisualStudioVersion = 10.0.40219.1
Project("{8BC9CEB8-8B4A-11D0-8D11-00A0C91BC942}") = "CourseRegistrationSystem", "CourseRegistrationSystem\CourseRegistrationSystem.vcxproj", "{A2699AAA-827C-430C-B8E5-E8FFFC27ABBD}"
EndProject
Global
	GlobalSection(SolutionConfigurationPlatforms) = preSolution
		Debug|x64 = Debug|x64
		Debug|x86 = Debug|x86
		Release|x64 = Release|x64
		Release|x86 = Release|x86
	EndGlobalSection
	GlobalSection(ProjectConfigurationPlatforms) = postSolution
		{A2699AAA-827C-430C-B8E5-E8FFFC27ABBD}.Debug|x64.ActiveCfg = Debug|x64
		{A2699AAA-827C-430C-B8E5-E8FFFC27ABBD}.Debug|x64.Build.0 = Debug|x64
		{A2699AAA-827C-430C-B8E5-E8FFFC27ABBD}.Debug|x86.ActiveCfg = Debug|Win32
		{A2699AAA-827C-430C-B8E5-E8FFFC27ABBD}.Debug|x86.Build.0 = Debug|Win32
		{A2699AAA-827C-430C-B8E5-E8FFFC27ABBD}.Release|x64.ActiveCfg = Release|x64
		{A2699AAA-827C-430C-B8E5-E8FFFC27ABBD}.Release|x64.Build.0 = Release|x64
		{A2699AAA-827C-430C-B8E5-E8FFFC27ABBD}.Release|x86.ActiveCfg = Release|Win32
		{A2699AAA-827C-430C-B8E5-E8FFFC27ABBD}.Release|x86.Build.0 = Release|Win32
	EndGlobalSection
	GlobalSection(SolutionProperties) = preSolution
		HideSolutionNode = FALSE
	EndGlobalSection
	GlobalSection(ExtensibilityGlobals) = postSolution
		SolutionGuid = {0D8C844C-7597-4C57-AE48-D4E56867F347}
	EndGlobalSection
EndGlobal
