
Microsoft Visual Studio Solution File, Format Version 12.00
# Visual Studio Version 16
VisualStudioVersion = 16.0.30611.23
MinimumVisualStudioVersion = 10.0.40219.1
Project("{8BC9CEB8-8B4A-11D0-8D11-00A0C91BC942}") = "Project24", "Project24\Project24.vcxproj", "{3EA324E5-A9B5-4663-93F6-691B0D079CDD}"
EndProject
Global
	GlobalSection(SolutionConfigurationPlatforms) = preSolution
		Debug|x64 = Debug|x64
		Debug|x86 = Debug|x86
		Release|x64 = Release|x64
		Release|x86 = Release|x86
	EndGlobalSection
	GlobalSection(ProjectConfigurationPlatforms) = postSolution
		{3EA324E5-A9B5-4663-93F6-691B0D079CDD}.Debug|x64.ActiveCfg = Debug|x64
		{3EA324E5-A9B5-4663-93F6-691B0D079CDD}.Debug|x64.Build.0 = Debug|x64
		{3EA324E5-A9B5-4663-93F6-691B0D079CDD}.Debug|x86.ActiveCfg = Debug|Win32
		{3EA324E5-A9B5-4663-93F6-691B0D079CDD}.Debug|x86.Build.0 = Debug|Win32
		{3EA324E5-A9B5-4663-93F6-691B0D079CDD}.Release|x64.ActiveCfg = Release|x64
		{3EA324E5-A9B5-4663-93F6-691B0D079CDD}.Release|x64.Build.0 = Release|x64
		{3EA324E5-A9B5-4663-93F6-691B0D079CDD}.Release|x86.ActiveCfg = Release|Win32
		{3EA324E5-A9B5-4663-93F6-691B0D079CDD}.Release|x86.Build.0 = Release|Win32
	EndGlobalSection
	GlobalSection(SolutionProperties) = preSolution
		HideSolutionNode = FALSE
	EndGlobalSection
	GlobalSection(ExtensibilityGlobals) = postSolution
		SolutionGuid = {5DF7F2D5-A272-43FE-8082-C1CFEA685118}
	EndGlobalSection
EndGlobal
